
Microsoft Visual Studio Solution File, Format Version 12.00
# Visual Studio Version 17
VisualStudioVersion = 17.11.35303.130
MinimumVisualStudioVersion = 10.0.40219.1
Project("{8BC9CEB8-8B4A-11D0-8D11-00A0C91BC942}") = "P01", "P01\P01.vcxproj", "{5EF20A33-F121-4559-B7CC-662F1FD6751B}"
EndProject
Project("{8BC9CEB8-8B4A-11D0-8D11-00A0C91BC942}") = "P02", "P02\P02.vcxproj", "{8DB750A0-900E-465C-869A-FBE78B512833}"
EndProject
Project("{8BC9CEB8-8B4A-11D0-8D11-00A0C91BC942}") = "P03", "P03\P03.vcxproj", "{66C12C99-31F7-4E97-AF45-D173D361BA74}"
EndProject
Project("{8BC9CEB8-8B4A-11D0-8D11-00A0C91BC942}") = "P04", "P04\P04.vcxproj", "{ECDC0224-4F5A-4D41-B314-CE4F3D97A2D0}"
EndProject
Project("{8BC9CEB8-8B4A-11D0-8D11-00A0C91BC942}") = "P05", "P05\P05.vcxproj", "{EF2D9912-953E-4ADA-B4B5-0C794FF733E8}"
EndProject
Project("{8BC9CEB8-8B4A-11D0-8D11-00A0C91BC942}") = "P06", "P06\P06.vcxproj", "{F5D7D47D-7772-4C41-8617-2DC835C75030}"
EndProject
Project("{8BC9CEB8-8B4A-11D0-8D11-00A0C91BC942}") = "P07", "P07\P07.vcxproj", "{68B9C81C-43C3-4C7B-8CD8-B9E3D760F8B0}"
EndProject
Project("{8BC9CEB8-8B4A-11D0-8D11-00A0C91BC942}") = "P08", "P08\P08.vcxproj", "{ABBFC664-4CA2-41DB-A1B3-42E1F0C7850A}"
EndProject
Global
	GlobalSection(SolutionConfigurationPlatforms) = preSolution
		Debug|x64 = Debug|x64
		Debug|x86 = Debug|x86
		Release|x64 = Release|x64
		Release|x86 = Release|x86
	EndGlobalSection
	GlobalSection(ProjectConfigurationPlatforms) = postSolution
		{5EF20A33-F121-4559-B7CC-662F1FD6751B}.Debug|x64.ActiveCfg = Debug|x64
		{5EF20A33-F121-4559-B7CC-662F1FD6751B}.Debug|x64.Build.0 = Debug|x64
		{5EF20A33-F121-4559-B7CC-662F1FD6751B}.Debug|x86.ActiveCfg = Debug|Win32
		{5EF20A33-F121-4559-B7CC-662F1FD6751B}.Debug|x86.Build.0 = Debug|Win32
		{5EF20A33-F121-4559-B7CC-662F1FD6751B}.Release|x64.ActiveCfg = Release|x64
		{5EF20A33-F121-4559-B7CC-662F1FD6751B}.Release|x64.Build.0 = Release|x64
		{5EF20A33-F121-4559-B7CC-662F1FD6751B}.Release|x86.ActiveCfg = Release|Win32
		{5EF20A33-F121-4559-B7CC-662F1FD6751B}.Release|x86.Build.0 = Release|Win32
		{8DB750A0-900E-465C-869A-FBE78B512833}.Debug|x64.ActiveCfg = Debug|x64
		{8DB750A0-900E-465C-869A-FBE78B512833}.Debug|x64.Build.0 = Debug|x64
		{8DB750A0-900E-465C-869A-FBE78B512833}.Debug|x86.ActiveCfg = Debug|Win32
		{8DB750A0-900E-465C-869A-FBE78B512833}.Debug|x86.Build.0 = Debug|Win32
		{8DB750A0-900E-465C-869A-FBE78B512833}.Release|x64.ActiveCfg = Release|x64
		{8DB750A0-900E-465C-869A-FBE78B512833}.Release|x64.Build.0 = Release|x64
		{8DB750A0-900E-465C-869A-FBE78B512833}.Release|x86.ActiveCfg = Release|Win32
		{8DB750A0-900E-465C-869A-FBE78B512833}.Release|x86.Build.0 = Release|Win32
		{66C12C99-31F7-4E97-AF45-D173D361BA74}.Debug|x64.ActiveCfg = Debug|x64
		{66C12C99-31F7-4E97-AF45-D173D361BA74}.Debug|x64.Build.0 = Debug|x64
		{66C12C99-31F7-4E97-AF45-D173D361BA74}.Debug|x86.ActiveCfg = Debug|Win32
		{66C12C99-31F7-4E97-AF45-D173D361BA74}.Debug|x86.Build.0 = Debug|Win32
		{66C12C99-31F7-4E97-AF45-D173D361BA74}.Release|x64.ActiveCfg = Release|x64
		{66C12C99-31F7-4E97-AF45-D173D361BA74}.Release|x64.Build.0 = Release|x64
		{66C12C99-31F7-4E97-AF45-D173D361BA74}.Release|x86.ActiveCfg = Release|Win32
		{66C12C99-31F7-4E97-AF45-D173D361BA74}.Release|x86.Build.0 = Release|Win32
		{ECDC0224-4F5A-4D41-B314-CE4F3D97A2D0}.Debug|x64.ActiveCfg = Debug|x64
		{ECDC0224-4F5A-4D41-B314-CE4F3D97A2D0}.Debug|x64.Build.0 = Debug|x64
		{ECDC0224-4F5A-4D41-B314-CE4F3D97A2D0}.Debug|x86.ActiveCfg = Debug|Win32
		{ECDC0224-4F5A-4D41-B314-CE4F3D97A2D0}.Debug|x86.Build.0 = Debug|Win32
		{ECDC0224-4F5A-4D41-B314-CE4F3D97A2D0}.Release|x64.ActiveCfg = Release|x64
		{ECDC0224-4F5A-4D41-B314-CE4F3D97A2D0}.Release|x64.Build.0 = Release|x64
		{ECDC0224-4F5A-4D41-B314-CE4F3D97A2D0}.Release|x86.ActiveCfg = Release|Win32
		{ECDC0224-4F5A-4D41-B314-CE4F3D97A2D0}.Release|x86.Build.0 = Release|Win32
		{EF2D9912-953E-4ADA-B4B5-0C794FF733E8}.Debug|x64.ActiveCfg = Debug|x64
		{EF2D9912-953E-4ADA-B4B5-0C794FF733E8}.Debug|x64.Build.0 = Debug|x64
		{EF2D9912-953E-4ADA-B4B5-0C794FF733E8}.Debug|x86.ActiveCfg = Debug|Win32
		{EF2D9912-953E-4ADA-B4B5-0C794FF733E8}.Debug|x86.Build.0 = Debug|Win32
		{EF2D9912-953E-4ADA-B4B5-0C794FF733E8}.Release|x64.ActiveCfg = Release|x64
		{EF2D9912-953E-4ADA-B4B5-0C794FF733E8}.Release|x64.Build.0 = Release|x64
		{EF2D9912-953E-4ADA-B4B5-0C794FF733E8}.Release|x86.ActiveCfg = Release|Win32
		{EF2D9912-953E-4ADA-B4B5-0C794FF733E8}.Release|x86.Build.0 = Release|Win32
		{F5D7D47D-7772-4C41-8617-2DC835C75030}.Debug|x64.ActiveCfg = Debug|x64
		{F5D7D47D-7772-4C41-8617-2DC835C75030}.Debug|x64.Build.0 = Debug|x64
		{F5D7D47D-7772-4C41-8617-2DC835C75030}.Debug|x86.ActiveCfg = Debug|Win32
		{F5D7D47D-7772-4C41-8617-2DC835C75030}.Debug|x86.Build.0 = Debug|Win32
		{F5D7D47D-7772-4C41-8617-2DC835C75030}.Release|x64.ActiveCfg = Release|x64
		{F5D7D47D-7772-4C41-8617-2DC835C75030}.Release|x64.Build.0 = Release|x64
		{F5D7D47D-7772-4C41-8617-2DC835C75030}.Release|x86.ActiveCfg = Release|Win32
		{F5D7D47D-7772-4C41-8617-2DC835C75030}.Release|x86.Build.0 = Release|Win32
		{68B9C81C-43C3-4C7B-8CD8-B9E3D760F8B0}.Debug|x64.ActiveCfg = Debug|x64
		{68B9C81C-43C3-4C7B-8CD8-B9E3D760F8B0}.Debug|x64.Build.0 = Debug|x64
		{68B9C81C-43C3-4C7B-8CD8-B9E3D760F8B0}.Debug|x86.ActiveCfg = Debug|Win32
		{68B9C81C-43C3-4C7B-8CD8-B9E3D760F8B0}.Debug|x86.Build.0 = Debug|Win32
		{68B9C81C-43C3-4C7B-8CD8-B9E3D760F8B0}.Release|x64.ActiveCfg = Release|x64
		{68B9C81C-43C3-4C7B-8CD8-B9E3D760F8B0}.Release|x64.Build.0 = Release|x64
		{68B9C81C-43C3-4C7B-8CD8-B9E3D760F8B0}.Release|x86.ActiveCfg = Release|Win32
		{68B9C81C-43C3-4C7B-8CD8-B9E3D760F8B0}.Release|x86.Build.0 = Release|Win32
		{ABBFC664-4CA2-41DB-A1B3-42E1F0C7850A}.Debug|x64.ActiveCfg = Debug|x64
		{ABBFC664-4CA2-41DB-A1B3-42E1F0C7850A}.Debug|x64.Build.0 = Debug|x64
		{ABBFC664-4CA2-41DB-A1B3-42E1F0C7850A}.Debug|x86.ActiveCfg = Debug|Win32
		{ABBFC664-4CA2-41DB-A1B3-42E1F0C7850A}.Debug|x86.Build.0 = Debug|Win32
		{ABBFC664-4CA2-41DB-A1B3-42E1F0C7850A}.Release|x64.ActiveCfg = Release|x64
		{ABBFC664-4CA2-41DB-A1B3-42E1F0C7850A}.Release|x64.Build.0 = Release|x64
		{ABBFC664-4CA2-41DB-A1B3-42E1F0C7850A}.Release|x86.ActiveCfg = Release|Win32
		{ABBFC664-4CA2-41DB-A1B3-42E1F0C7850A}.Release|x86.Build.0 = Release|Win32
	EndGlobalSection
	GlobalSection(SolutionProperties) = preSolution
		HideSolutionNode = FALSE
	EndGlobalSection
	GlobalSection(ExtensibilityGlobals) = postSolution
		SolutionGuid = {C5AFADBD-BC86-4241-B695-5815392F48CB}
	EndGlobalSection
EndGlobal
