
Microsoft Visual Studio Solution File, Format Version 12.00
# Visual Studio Version 17
VisualStudioVersion = 17.11.35303.130
MinimumVisualStudioVersion = 10.0.40219.1
Project("{8BC9CEB8-8B4A-11D0-8D11-00A0C91BC942}") = "P01", "P01\P01.vcxproj", "{2CC4B12F-20A7-4E29-8FE9-446BB3D1A388}"
EndProject
Project("{8BC9CEB8-8B4A-11D0-8D11-00A0C91BC942}") = "P02", "P02\P02.vcxproj", "{F8B9497C-8D5B-4DCC-88A9-5F640E1CCD6D}"
EndProject
Project("{8BC9CEB8-8B4A-11D0-8D11-00A0C91BC942}") = "P03", "P03\P03.vcxproj", "{1E40243D-7138-45BC-94F7-A107768616CF}"
EndProject
Project("{8BC9CEB8-8B4A-11D0-8D11-00A0C91BC942}") = "P04", "P04\P04.vcxproj", "{22A8EC8B-58C6-4337-AD70-28BEBAE276BF}"
EndProject
Project("{8BC9CEB8-8B4A-11D0-8D11-00A0C91BC942}") = "P05", "P05\P05.vcxproj", "{D2B81057-22B7-450D-BB39-1D904CF476CF}"
EndProject
Project("{8BC9CEB8-8B4A-11D0-8D11-00A0C91BC942}") = "P06", "P06\P06.vcxproj", "{8837CD58-E817-4F16-B7D3-E8ECCF84C9A0}"
EndProject
Project("{8BC9CEB8-8B4A-11D0-8D11-00A0C91BC942}") = "P07", "P07\P07.vcxproj", "{A2D0B3DC-8224-4252-A27C-2543441BC907}"
EndProject
Global
	GlobalSection(SolutionConfigurationPlatforms) = preSolution
		Debug|x64 = Debug|x64
		Debug|x86 = Debug|x86
		Release|x64 = Release|x64
		Release|x86 = Release|x86
	EndGlobalSection
	GlobalSection(ProjectConfigurationPlatforms) = postSolution
		{2CC4B12F-20A7-4E29-8FE9-446BB3D1A388}.Debug|x64.ActiveCfg = Debug|x64
		{2CC4B12F-20A7-4E29-8FE9-446BB3D1A388}.Debug|x64.Build.0 = Debug|x64
		{2CC4B12F-20A7-4E29-8FE9-446BB3D1A388}.Debug|x86.ActiveCfg = Debug|Win32
		{2CC4B12F-20A7-4E29-8FE9-446BB3D1A388}.Debug|x86.Build.0 = Debug|Win32
		{2CC4B12F-20A7-4E29-8FE9-446BB3D1A388}.Release|x64.ActiveCfg = Release|x64
		{2CC4B12F-20A7-4E29-8FE9-446BB3D1A388}.Release|x64.Build.0 = Release|x64
		{2CC4B12F-20A7-4E29-8FE9-446BB3D1A388}.Release|x86.ActiveCfg = Release|Win32
		{2CC4B12F-20A7-4E29-8FE9-446BB3D1A388}.Release|x86.Build.0 = Release|Win32
		{F8B9497C-8D5B-4DCC-88A9-5F640E1CCD6D}.Debug|x64.ActiveCfg = Debug|x64
		{F8B9497C-8D5B-4DCC-88A9-5F640E1CCD6D}.Debug|x64.Build.0 = Debug|x64
		{F8B9497C-8D5B-4DCC-88A9-5F640E1CCD6D}.Debug|x86.ActiveCfg = Debug|Win32
		{F8B9497C-8D5B-4DCC-88A9-5F640E1CCD6D}.Debug|x86.Build.0 = Debug|Win32
		{F8B9497C-8D5B-4DCC-88A9-5F640E1CCD6D}.Release|x64.ActiveCfg = Release|x64
		{F8B9497C-8D5B-4DCC-88A9-5F640E1CCD6D}.Release|x64.Build.0 = Release|x64
		{F8B9497C-8D5B-4DCC-88A9-5F640E1CCD6D}.Release|x86.ActiveCfg = Release|Win32
		{F8B9497C-8D5B-4DCC-88A9-5F640E1CCD6D}.Release|x86.Build.0 = Release|Win32
		{1E40243D-7138-45BC-94F7-A107768616CF}.Debug|x64.ActiveCfg = Debug|x64
		{1E40243D-7138-45BC-94F7-A107768616CF}.Debug|x64.Build.0 = Debug|x64
		{1E40243D-7138-45BC-94F7-A107768616CF}.Debug|x86.ActiveCfg = Debug|Win32
		{1E40243D-7138-45BC-94F7-A107768616CF}.Debug|x86.Build.0 = Debug|Win32
		{1E40243D-7138-45BC-94F7-A107768616CF}.Release|x64.ActiveCfg = Release|x64
		{1E40243D-7138-45BC-94F7-A107768616CF}.Release|x64.Build.0 = Release|x64
		{1E40243D-7138-45BC-94F7-A107768616CF}.Release|x86.ActiveCfg = Release|Win32
		{1E40243D-7138-45BC-94F7-A107768616CF}.Release|x86.Build.0 = Release|Win32
		{22A8EC8B-58C6-4337-AD70-28BEBAE276BF}.Debug|x64.ActiveCfg = Debug|x64
		{22A8EC8B-58C6-4337-AD70-28BEBAE276BF}.Debug|x64.Build.0 = Debug|x64
		{22A8EC8B-58C6-4337-AD70-28BEBAE276BF}.Debug|x86.ActiveCfg = Debug|Win32
		{22A8EC8B-58C6-4337-AD70-28BEBAE276BF}.Debug|x86.Build.0 = Debug|Win32
		{22A8EC8B-58C6-4337-AD70-28BEBAE276BF}.Release|x64.ActiveCfg = Release|x64
		{22A8EC8B-58C6-4337-AD70-28BEBAE276BF}.Release|x64.Build.0 = Release|x64
		{22A8EC8B-58C6-4337-AD70-28BEBAE276BF}.Release|x86.ActiveCfg = Release|Win32
		{22A8EC8B-58C6-4337-AD70-28BEBAE276BF}.Release|x86.Build.0 = Release|Win32
		{D2B81057-22B7-450D-BB39-1D904CF476CF}.Debug|x64.ActiveCfg = Debug|x64
		{D2B81057-22B7-450D-BB39-1D904CF476CF}.Debug|x64.Build.0 = Debug|x64
		{D2B81057-22B7-450D-BB39-1D904CF476CF}.Debug|x86.ActiveCfg = Debug|Win32
		{D2B81057-22B7-450D-BB39-1D904CF476CF}.Debug|x86.Build.0 = Debug|Win32
		{D2B81057-22B7-450D-BB39-1D904CF476CF}.Release|x64.ActiveCfg = Release|x64
		{D2B81057-22B7-450D-BB39-1D904CF476CF}.Release|x64.Build.0 = Release|x64
		{D2B81057-22B7-450D-BB39-1D904CF476CF}.Release|x86.ActiveCfg = Release|Win32
		{D2B81057-22B7-450D-BB39-1D904CF476CF}.Release|x86.Build.0 = Release|Win32
		{8837CD58-E817-4F16-B7D3-E8ECCF84C9A0}.Debug|x64.ActiveCfg = Debug|x64
		{8837CD58-E817-4F16-B7D3-E8ECCF84C9A0}.Debug|x64.Build.0 = Debug|x64
		{8837CD58-E817-4F16-B7D3-E8ECCF84C9A0}.Debug|x86.ActiveCfg = Debug|Win32
		{8837CD58-E817-4F16-B7D3-E8ECCF84C9A0}.Debug|x86.Build.0 = Debug|Win32
		{8837CD58-E817-4F16-B7D3-E8ECCF84C9A0}.Release|x64.ActiveCfg = Release|x64
		{8837CD58-E817-4F16-B7D3-E8ECCF84C9A0}.Release|x64.Build.0 = Release|x64
		{8837CD58-E817-4F16-B7D3-E8ECCF84C9A0}.Release|x86.ActiveCfg = Release|Win32
		{8837CD58-E817-4F16-B7D3-E8ECCF84C9A0}.Release|x86.Build.0 = Release|Win32
		{A2D0B3DC-8224-4252-A27C-2543441BC907}.Debug|x64.ActiveCfg = Debug|x64
		{A2D0B3DC-8224-4252-A27C-2543441BC907}.Debug|x64.Build.0 = Debug|x64
		{A2D0B3DC-8224-4252-A27C-2543441BC907}.Debug|x86.ActiveCfg = Debug|Win32
		{A2D0B3DC-8224-4252-A27C-2543441BC907}.Debug|x86.Build.0 = Debug|Win32
		{A2D0B3DC-8224-4252-A27C-2543441BC907}.Release|x64.ActiveCfg = Release|x64
		{A2D0B3DC-8224-4252-A27C-2543441BC907}.Release|x64.Build.0 = Release|x64
		{A2D0B3DC-8224-4252-A27C-2543441BC907}.Release|x86.ActiveCfg = Release|Win32
		{A2D0B3DC-8224-4252-A27C-2543441BC907}.Release|x86.Build.0 = Release|Win32
	EndGlobalSection
	GlobalSection(SolutionProperties) = preSolution
		HideSolutionNode = FALSE
	EndGlobalSection
	GlobalSection(ExtensibilityGlobals) = postSolution
		SolutionGuid = {EBD5531A-0C16-43D8-874F-4BB9BDE8B13B}
	EndGlobalSection
EndGlobal
