
Microsoft Visual Studio Solution File, Format Version 12.00
# Visual Studio Version 17
VisualStudioVersion = 17.11.35303.130
MinimumVisualStudioVersion = 10.0.40219.1
Project("{8BC9CEB8-8B4A-11D0-8D11-00A0C91BC942}") = "P01", "P01\P01.vcxproj", "{1A153354-B598-4FC8-9FD4-59CC85765E28}"
EndProject
Project("{8BC9CEB8-8B4A-11D0-8D11-00A0C91BC942}") = "P02", "P02\P02.vcxproj", "{582E9F27-CD65-4B1F-8514-0446DE5992A7}"
EndProject
Project("{8BC9CEB8-8B4A-11D0-8D11-00A0C91BC942}") = "P03", "P03\P03.vcxproj", "{ED6C97E0-EAE2-48D4-BD31-917B46817346}"
EndProject
Project("{8BC9CEB8-8B4A-11D0-8D11-00A0C91BC942}") = "P04", "P04\P04.vcxproj", "{9EB6A6AD-0950-4311-9AB1-2CCEF69A389F}"
EndProject
Project("{8BC9CEB8-8B4A-11D0-8D11-00A0C91BC942}") = "P05", "P05\P05.vcxproj", "{60C180A0-3FAD-490C-8C4B-ABE61EFDFA8B}"
EndProject
Project("{8BC9CEB8-8B4A-11D0-8D11-00A0C91BC942}") = "P06", "P06\P06.vcxproj", "{02BF2F53-A644-409D-A81F-DF72BE6FB7B6}"
EndProject
Project("{8BC9CEB8-8B4A-11D0-8D11-00A0C91BC942}") = "P07", "P07\P07.vcxproj", "{05508B0D-C1B6-49D0-9071-B87F6AAFB9B1}"
EndProject
Project("{8BC9CEB8-8B4A-11D0-8D11-00A0C91BC942}") = "P08", "P08\P08.vcxproj", "{5669CF3D-61B6-4645-AECA-759A6B49566A}"
EndProject
Project("{8BC9CEB8-8B4A-11D0-8D11-00A0C91BC942}") = "P09", "P09\P09.vcxproj", "{14D5CAC7-ACD1-45DC-A87C-7E0DB1712676}"
EndProject
Global
	GlobalSection(SolutionConfigurationPlatforms) = preSolution
		Debug|x64 = Debug|x64
		Debug|x86 = Debug|x86
		Release|x64 = Release|x64
		Release|x86 = Release|x86
	EndGlobalSection
	GlobalSection(ProjectConfigurationPlatforms) = postSolution
		{1A153354-B598-4FC8-9FD4-59CC85765E28}.Debug|x64.ActiveCfg = Debug|x64
		{1A153354-B598-4FC8-9FD4-59CC85765E28}.Debug|x64.Build.0 = Debug|x64
		{1A153354-B598-4FC8-9FD4-59CC85765E28}.Debug|x86.ActiveCfg = Debug|Win32
		{1A153354-B598-4FC8-9FD4-59CC85765E28}.Debug|x86.Build.0 = Debug|Win32
		{1A153354-B598-4FC8-9FD4-59CC85765E28}.Release|x64.ActiveCfg = Release|x64
		{1A153354-B598-4FC8-9FD4-59CC85765E28}.Release|x64.Build.0 = Release|x64
		{1A153354-B598-4FC8-9FD4-59CC85765E28}.Release|x86.ActiveCfg = Release|Win32
		{1A153354-B598-4FC8-9FD4-59CC85765E28}.Release|x86.Build.0 = Release|Win32
		{582E9F27-CD65-4B1F-8514-0446DE5992A7}.Debug|x64.ActiveCfg = Debug|x64
		{582E9F27-CD65-4B1F-8514-0446DE5992A7}.Debug|x64.Build.0 = Debug|x64
		{582E9F27-CD65-4B1F-8514-0446DE5992A7}.Debug|x86.ActiveCfg = Debug|Win32
		{582E9F27-CD65-4B1F-8514-0446DE5992A7}.Debug|x86.Build.0 = Debug|Win32
		{582E9F27-CD65-4B1F-8514-0446DE5992A7}.Release|x64.ActiveCfg = Release|x64
		{582E9F27-CD65-4B1F-8514-0446DE5992A7}.Release|x64.Build.0 = Release|x64
		{582E9F27-CD65-4B1F-8514-0446DE5992A7}.Release|x86.ActiveCfg = Release|Win32
		{582E9F27-CD65-4B1F-8514-0446DE5992A7}.Release|x86.Build.0 = Release|Win32
		{ED6C97E0-EAE2-48D4-BD31-917B46817346}.Debug|x64.ActiveCfg = Debug|x64
		{ED6C97E0-EAE2-48D4-BD31-917B46817346}.Debug|x64.Build.0 = Debug|x64
		{ED6C97E0-EAE2-48D4-BD31-917B46817346}.Debug|x86.ActiveCfg = Debug|Win32
		{ED6C97E0-EAE2-48D4-BD31-917B46817346}.Debug|x86.Build.0 = Debug|Win32
		{ED6C97E0-EAE2-48D4-BD31-917B46817346}.Release|x64.ActiveCfg = Release|x64
		{ED6C97E0-EAE2-48D4-BD31-917B46817346}.Release|x64.Build.0 = Release|x64
		{ED6C97E0-EAE2-48D4-BD31-917B46817346}.Release|x86.ActiveCfg = Release|Win32
		{ED6C97E0-EAE2-48D4-BD31-917B46817346}.Release|x86.Build.0 = Release|Win32
		{9EB6A6AD-0950-4311-9AB1-2CCEF69A389F}.Debug|x64.ActiveCfg = Debug|x64
		{9EB6A6AD-0950-4311-9AB1-2CCEF69A389F}.Debug|x64.Build.0 = Debug|x64
		{9EB6A6AD-0950-4311-9AB1-2CCEF69A389F}.Debug|x86.ActiveCfg = Debug|Win32
		{9EB6A6AD-0950-4311-9AB1-2CCEF69A389F}.Debug|x86.Build.0 = Debug|Win32
		{9EB6A6AD-0950-4311-9AB1-2CCEF69A389F}.Release|x64.ActiveCfg = Release|x64
		{9EB6A6AD-0950-4311-9AB1-2CCEF69A389F}.Release|x64.Build.0 = Release|x64
		{9EB6A6AD-0950-4311-9AB1-2CCEF69A389F}.Release|x86.ActiveCfg = Release|Win32
		{9EB6A6AD-0950-4311-9AB1-2CCEF69A389F}.Release|x86.Build.0 = Release|Win32
		{60C180A0-3FAD-490C-8C4B-ABE61EFDFA8B}.Debug|x64.ActiveCfg = Debug|x64
		{60C180A0-3FAD-490C-8C4B-ABE61EFDFA8B}.Debug|x64.Build.0 = Debug|x64
		{60C180A0-3FAD-490C-8C4B-ABE61EFDFA8B}.Debug|x86.ActiveCfg = Debug|Win32
		{60C180A0-3FAD-490C-8C4B-ABE61EFDFA8B}.Debug|x86.Build.0 = Debug|Win32
		{60C180A0-3FAD-490C-8C4B-ABE61EFDFA8B}.Release|x64.ActiveCfg = Release|x64
		{60C180A0-3FAD-490C-8C4B-ABE61EFDFA8B}.Release|x64.Build.0 = Release|x64
		{60C180A0-3FAD-490C-8C4B-ABE61EFDFA8B}.Release|x86.ActiveCfg = Release|Win32
		{60C180A0-3FAD-490C-8C4B-ABE61EFDFA8B}.Release|x86.Build.0 = Release|Win32
		{02BF2F53-A644-409D-A81F-DF72BE6FB7B6}.Debug|x64.ActiveCfg = Debug|x64
		{02BF2F53-A644-409D-A81F-DF72BE6FB7B6}.Debug|x64.Build.0 = Debug|x64
		{02BF2F53-A644-409D-A81F-DF72BE6FB7B6}.Debug|x86.ActiveCfg = Debug|Win32
		{02BF2F53-A644-409D-A81F-DF72BE6FB7B6}.Debug|x86.Build.0 = Debug|Win32
		{02BF2F53-A644-409D-A81F-DF72BE6FB7B6}.Release|x64.ActiveCfg = Release|x64
		{02BF2F53-A644-409D-A81F-DF72BE6FB7B6}.Release|x64.Build.0 = Release|x64
		{02BF2F53-A644-409D-A81F-DF72BE6FB7B6}.Release|x86.ActiveCfg = Release|Win32
		{02BF2F53-A644-409D-A81F-DF72BE6FB7B6}.Release|x86.Build.0 = Release|Win32
		{05508B0D-C1B6-49D0-9071-B87F6AAFB9B1}.Debug|x64.ActiveCfg = Debug|x64
		{05508B0D-C1B6-49D0-9071-B87F6AAFB9B1}.Debug|x64.Build.0 = Debug|x64
		{05508B0D-C1B6-49D0-9071-B87F6AAFB9B1}.Debug|x86.ActiveCfg = Debug|Win32
		{05508B0D-C1B6-49D0-9071-B87F6AAFB9B1}.Debug|x86.Build.0 = Debug|Win32
		{05508B0D-C1B6-49D0-9071-B87F6AAFB9B1}.Release|x64.ActiveCfg = Release|x64
		{05508B0D-C1B6-49D0-9071-B87F6AAFB9B1}.Release|x64.Build.0 = Release|x64
		{05508B0D-C1B6-49D0-9071-B87F6AAFB9B1}.Release|x86.ActiveCfg = Release|Win32
		{05508B0D-C1B6-49D0-9071-B87F6AAFB9B1}.Release|x86.Build.0 = Release|Win32
		{5669CF3D-61B6-4645-AECA-759A6B49566A}.Debug|x64.ActiveCfg = Debug|x64
		{5669CF3D-61B6-4645-AECA-759A6B49566A}.Debug|x64.Build.0 = Debug|x64
		{5669CF3D-61B6-4645-AECA-759A6B49566A}.Debug|x86.ActiveCfg = Debug|Win32
		{5669CF3D-61B6-4645-AECA-759A6B49566A}.Debug|x86.Build.0 = Debug|Win32
		{5669CF3D-61B6-4645-AECA-759A6B49566A}.Release|x64.ActiveCfg = Release|x64
		{5669CF3D-61B6-4645-AECA-759A6B49566A}.Release|x64.Build.0 = Release|x64
		{5669CF3D-61B6-4645-AECA-759A6B49566A}.Release|x86.ActiveCfg = Release|Win32
		{5669CF3D-61B6-4645-AECA-759A6B49566A}.Release|x86.Build.0 = Release|Win32
		{14D5CAC7-ACD1-45DC-A87C-7E0DB1712676}.Debug|x64.ActiveCfg = Debug|x64
		{14D5CAC7-ACD1-45DC-A87C-7E0DB1712676}.Debug|x64.Build.0 = Debug|x64
		{14D5CAC7-ACD1-45DC-A87C-7E0DB1712676}.Debug|x86.ActiveCfg = Debug|Win32
		{14D5CAC7-ACD1-45DC-A87C-7E0DB1712676}.Debug|x86.Build.0 = Debug|Win32
		{14D5CAC7-ACD1-45DC-A87C-7E0DB1712676}.Release|x64.ActiveCfg = Release|x64
		{14D5CAC7-ACD1-45DC-A87C-7E0DB1712676}.Release|x64.Build.0 = Release|x64
		{14D5CAC7-ACD1-45DC-A87C-7E0DB1712676}.Release|x86.ActiveCfg = Release|Win32
		{14D5CAC7-ACD1-45DC-A87C-7E0DB1712676}.Release|x86.Build.0 = Release|Win32
	EndGlobalSection
	GlobalSection(SolutionProperties) = preSolution
		HideSolutionNode = FALSE
	EndGlobalSection
	GlobalSection(ExtensibilityGlobals) = postSolution
		SolutionGuid = {7E75ED21-9058-41EB-82D0-1FDA99A15D0B}
	EndGlobalSection
EndGlobal
