
Microsoft Visual Studio Solution File, Format Version 12.00
# Visual Studio Version 17
VisualStudioVersion = 17.11.35303.130
MinimumVisualStudioVersion = 10.0.40219.1
Project("{8BC9CEB8-8B4A-11D0-8D11-00A0C91BC942}") = "P01", "P01\P01.vcxproj", "{1DBAFC3E-D337-41E7-AF4B-BEFD1D1DA746}"
EndProject
Project("{8BC9CEB8-8B4A-11D0-8D11-00A0C91BC942}") = "P02", "P02\P02.vcxproj", "{6694E3F7-8666-41AE-BD22-9581AB34A657}"
EndProject
Project("{8BC9CEB8-8B4A-11D0-8D11-00A0C91BC942}") = "P03", "P03\P03.vcxproj", "{AE1798CE-09CF-4005-91A5-4FE9E3445F51}"
EndProject
Project("{8BC9CEB8-8B4A-11D0-8D11-00A0C91BC942}") = "P04", "P04\P04.vcxproj", "{94897AA4-8F1D-4D08-9115-3235114BCDF9}"
EndProject
Project("{8BC9CEB8-8B4A-11D0-8D11-00A0C91BC942}") = "P05", "P05\P05.vcxproj", "{0CBEC8B0-CD73-412D-900D-327B4C24675B}"
EndProject
Project("{8BC9CEB8-8B4A-11D0-8D11-00A0C91BC942}") = "P06", "P06\P06.vcxproj", "{880256B3-3AA9-441F-B2FA-FAC693F31FCE}"
EndProject
Project("{8BC9CEB8-8B4A-11D0-8D11-00A0C91BC942}") = "P07", "P07\P07.vcxproj", "{FEB16DE6-0D1F-475B-9FB9-3782C7CA44CC}"
EndProject
Project("{8BC9CEB8-8B4A-11D0-8D11-00A0C91BC942}") = "P08", "P08\P08.vcxproj", "{09240B5A-B02D-4E2A-934C-AD906495A129}"
EndProject
Project("{8BC9CEB8-8B4A-11D0-8D11-00A0C91BC942}") = "P09", "P09\P09.vcxproj", "{C86B4BE7-849C-4FDC-B36D-D95EF28031BB}"
EndProject
Global
	GlobalSection(SolutionConfigurationPlatforms) = preSolution
		Debug|x64 = Debug|x64
		Debug|x86 = Debug|x86
		Release|x64 = Release|x64
		Release|x86 = Release|x86
	EndGlobalSection
	GlobalSection(ProjectConfigurationPlatforms) = postSolution
		{1DBAFC3E-D337-41E7-AF4B-BEFD1D1DA746}.Debug|x64.ActiveCfg = Debug|x64
		{1DBAFC3E-D337-41E7-AF4B-BEFD1D1DA746}.Debug|x64.Build.0 = Debug|x64
		{1DBAFC3E-D337-41E7-AF4B-BEFD1D1DA746}.Debug|x86.ActiveCfg = Debug|Win32
		{1DBAFC3E-D337-41E7-AF4B-BEFD1D1DA746}.Debug|x86.Build.0 = Debug|Win32
		{1DBAFC3E-D337-41E7-AF4B-BEFD1D1DA746}.Release|x64.ActiveCfg = Release|x64
		{1DBAFC3E-D337-41E7-AF4B-BEFD1D1DA746}.Release|x64.Build.0 = Release|x64
		{1DBAFC3E-D337-41E7-AF4B-BEFD1D1DA746}.Release|x86.ActiveCfg = Release|Win32
		{1DBAFC3E-D337-41E7-AF4B-BEFD1D1DA746}.Release|x86.Build.0 = Release|Win32
		{6694E3F7-8666-41AE-BD22-9581AB34A657}.Debug|x64.ActiveCfg = Debug|x64
		{6694E3F7-8666-41AE-BD22-9581AB34A657}.Debug|x64.Build.0 = Debug|x64
		{6694E3F7-8666-41AE-BD22-9581AB34A657}.Debug|x86.ActiveCfg = Debug|Win32
		{6694E3F7-8666-41AE-BD22-9581AB34A657}.Debug|x86.Build.0 = Debug|Win32
		{6694E3F7-8666-41AE-BD22-9581AB34A657}.Release|x64.ActiveCfg = Release|x64
		{6694E3F7-8666-41AE-BD22-9581AB34A657}.Release|x64.Build.0 = Release|x64
		{6694E3F7-8666-41AE-BD22-9581AB34A657}.Release|x86.ActiveCfg = Release|Win32
		{6694E3F7-8666-41AE-BD22-9581AB34A657}.Release|x86.Build.0 = Release|Win32
		{AE1798CE-09CF-4005-91A5-4FE9E3445F51}.Debug|x64.ActiveCfg = Debug|x64
		{AE1798CE-09CF-4005-91A5-4FE9E3445F51}.Debug|x64.Build.0 = Debug|x64
		{AE1798CE-09CF-4005-91A5-4FE9E3445F51}.Debug|x86.ActiveCfg = Debug|Win32
		{AE1798CE-09CF-4005-91A5-4FE9E3445F51}.Debug|x86.Build.0 = Debug|Win32
		{AE1798CE-09CF-4005-91A5-4FE9E3445F51}.Release|x64.ActiveCfg = Release|x64
		{AE1798CE-09CF-4005-91A5-4FE9E3445F51}.Release|x64.Build.0 = Release|x64
		{AE1798CE-09CF-4005-91A5-4FE9E3445F51}.Release|x86.ActiveCfg = Release|Win32
		{AE1798CE-09CF-4005-91A5-4FE9E3445F51}.Release|x86.Build.0 = Release|Win32
		{94897AA4-8F1D-4D08-9115-3235114BCDF9}.Debug|x64.ActiveCfg = Debug|x64
		{94897AA4-8F1D-4D08-9115-3235114BCDF9}.Debug|x64.Build.0 = Debug|x64
		{94897AA4-8F1D-4D08-9115-3235114BCDF9}.Debug|x86.ActiveCfg = Debug|Win32
		{94897AA4-8F1D-4D08-9115-3235114BCDF9}.Debug|x86.Build.0 = Debug|Win32
		{94897AA4-8F1D-4D08-9115-3235114BCDF9}.Release|x64.ActiveCfg = Release|x64
		{94897AA4-8F1D-4D08-9115-3235114BCDF9}.Release|x64.Build.0 = Release|x64
		{94897AA4-8F1D-4D08-9115-3235114BCDF9}.Release|x86.ActiveCfg = Release|Win32
		{94897AA4-8F1D-4D08-9115-3235114BCDF9}.Release|x86.Build.0 = Release|Win32
		{0CBEC8B0-CD73-412D-900D-327B4C24675B}.Debug|x64.ActiveCfg = Debug|x64
		{0CBEC8B0-CD73-412D-900D-327B4C24675B}.Debug|x64.Build.0 = Debug|x64
		{0CBEC8B0-CD73-412D-900D-327B4C24675B}.Debug|x86.ActiveCfg = Debug|Win32
		{0CBEC8B0-CD73-412D-900D-327B4C24675B}.Debug|x86.Build.0 = Debug|Win32
		{0CBEC8B0-CD73-412D-900D-327B4C24675B}.Release|x64.ActiveCfg = Release|x64
		{0CBEC8B0-CD73-412D-900D-327B4C24675B}.Release|x64.Build.0 = Release|x64
		{0CBEC8B0-CD73-412D-900D-327B4C24675B}.Release|x86.ActiveCfg = Release|Win32
		{0CBEC8B0-CD73-412D-900D-327B4C24675B}.Release|x86.Build.0 = Release|Win32
		{880256B3-3AA9-441F-B2FA-FAC693F31FCE}.Debug|x64.ActiveCfg = Debug|x64
		{880256B3-3AA9-441F-B2FA-FAC693F31FCE}.Debug|x64.Build.0 = Debug|x64
		{880256B3-3AA9-441F-B2FA-FAC693F31FCE}.Debug|x86.ActiveCfg = Debug|Win32
		{880256B3-3AA9-441F-B2FA-FAC693F31FCE}.Debug|x86.Build.0 = Debug|Win32
		{880256B3-3AA9-441F-B2FA-FAC693F31FCE}.Release|x64.ActiveCfg = Release|x64
		{880256B3-3AA9-441F-B2FA-FAC693F31FCE}.Release|x64.Build.0 = Release|x64
		{880256B3-3AA9-441F-B2FA-FAC693F31FCE}.Release|x86.ActiveCfg = Release|Win32
		{880256B3-3AA9-441F-B2FA-FAC693F31FCE}.Release|x86.Build.0 = Release|Win32
		{FEB16DE6-0D1F-475B-9FB9-3782C7CA44CC}.Debug|x64.ActiveCfg = Debug|x64
		{FEB16DE6-0D1F-475B-9FB9-3782C7CA44CC}.Debug|x64.Build.0 = Debug|x64
		{FEB16DE6-0D1F-475B-9FB9-3782C7CA44CC}.Debug|x86.ActiveCfg = Debug|Win32
		{FEB16DE6-0D1F-475B-9FB9-3782C7CA44CC}.Debug|x86.Build.0 = Debug|Win32
		{FEB16DE6-0D1F-475B-9FB9-3782C7CA44CC}.Release|x64.ActiveCfg = Release|x64
		{FEB16DE6-0D1F-475B-9FB9-3782C7CA44CC}.Release|x64.Build.0 = Release|x64
		{FEB16DE6-0D1F-475B-9FB9-3782C7CA44CC}.Release|x86.ActiveCfg = Release|Win32
		{FEB16DE6-0D1F-475B-9FB9-3782C7CA44CC}.Release|x86.Build.0 = Release|Win32
		{09240B5A-B02D-4E2A-934C-AD906495A129}.Debug|x64.ActiveCfg = Debug|x64
		{09240B5A-B02D-4E2A-934C-AD906495A129}.Debug|x64.Build.0 = Debug|x64
		{09240B5A-B02D-4E2A-934C-AD906495A129}.Debug|x86.ActiveCfg = Debug|Win32
		{09240B5A-B02D-4E2A-934C-AD906495A129}.Debug|x86.Build.0 = Debug|Win32
		{09240B5A-B02D-4E2A-934C-AD906495A129}.Release|x64.ActiveCfg = Release|x64
		{09240B5A-B02D-4E2A-934C-AD906495A129}.Release|x64.Build.0 = Release|x64
		{09240B5A-B02D-4E2A-934C-AD906495A129}.Release|x86.ActiveCfg = Release|Win32
		{09240B5A-B02D-4E2A-934C-AD906495A129}.Release|x86.Build.0 = Release|Win32
		{C86B4BE7-849C-4FDC-B36D-D95EF28031BB}.Debug|x64.ActiveCfg = Debug|x64
		{C86B4BE7-849C-4FDC-B36D-D95EF28031BB}.Debug|x64.Build.0 = Debug|x64
		{C86B4BE7-849C-4FDC-B36D-D95EF28031BB}.Debug|x86.ActiveCfg = Debug|Win32
		{C86B4BE7-849C-4FDC-B36D-D95EF28031BB}.Debug|x86.Build.0 = Debug|Win32
		{C86B4BE7-849C-4FDC-B36D-D95EF28031BB}.Release|x64.ActiveCfg = Release|x64
		{C86B4BE7-849C-4FDC-B36D-D95EF28031BB}.Release|x64.Build.0 = Release|x64
		{C86B4BE7-849C-4FDC-B36D-D95EF28031BB}.Release|x86.ActiveCfg = Release|Win32
		{C86B4BE7-849C-4FDC-B36D-D95EF28031BB}.Release|x86.Build.0 = Release|Win32
	EndGlobalSection
	GlobalSection(SolutionProperties) = preSolution
		HideSolutionNode = FALSE
	EndGlobalSection
	GlobalSection(ExtensibilityGlobals) = postSolution
		SolutionGuid = {F549E7A4-DE8D-4585-9A27-7E845F344717}
	EndGlobalSection
EndGlobal
